// !$*UTF8*$!
{
	archiveVersion = 1;
	classes = {
	};
	objectVersion = 55;
	objects = {

/* Begin PBXBuildFile section */
		2D73E074287FDA650040E54E /* AppDelegate.swift in Sources */ = {isa = PBXBuildFile; fileRef = 2D73E073287FDA650040E54E /* AppDelegate.swift */; };
		2D73E078287FDA690040E54E /* Assets.xcassets in Resources */ = {isa = PBXBuildFile; fileRef = 2D73E077287FDA690040E54E /* Assets.xcassets */; };
		2D73E07B287FDA690040E54E /* Main.storyboard in Resources */ = {isa = PBXBuildFile; fileRef = 2D73E079287FDA690040E54E /* Main.storyboard */; };
		2D73E086287FDA690040E54E /* qrcodefromselectionTests.swift in Sources */ = {isa = PBXBuildFile; fileRef = 2D73E085287FDA690040E54E /* qrcodefromselectionTests.swift */; };
		2D73E090287FDA690040E54E /* qrcodefromselectionUITests.swift in Sources */ = {isa = PBXBuildFile; fileRef = 2D73E08F287FDA690040E54E /* qrcodefromselectionUITests.swift */; };
		2D73E092287FDA690040E54E /* qrcodefromselectionUITestsLaunchTests.swift in Sources */ = {isa = PBXBuildFile; fileRef = 2D73E091287FDA690040E54E /* qrcodefromselectionUITestsLaunchTests.swift */; };
		2D73E09F287FDACA0040E54E /* QRCodeServiceProvider.swift in Sources */ = {isa = PBXBuildFile; fileRef = 2D73E09E287FDACA0040E54E /* QRCodeServiceProvider.swift */; };
		2D76CAF3287FE8DE00560A01 /* QRCodeWindowViewController.swift in Sources */ = {isa = PBXBuildFile; fileRef = 2D76CAF2287FE8DE00560A01 /* QRCodeWindowViewController.swift */; };
/* End PBXBuildFile section */

/* Begin PBXContainerItemProxy section */
		2D73E082287FDA690040E54E /* PBXContainerItemProxy */ = {
			isa = PBXContainerItemProxy;
			containerPortal = 2D73E068287FDA650040E54E /* Project object */;
			proxyType = 1;
			remoteGlobalIDString = 2D73E06F287FDA650040E54E;
			remoteInfo = qrcodefromselection;
		};
		2D73E08C287FDA690040E54E /* PBXContainerItemProxy */ = {
			isa = PBXContainerItemProxy;
			containerPortal = 2D73E068287FDA650040E54E /* Project object */;
			proxyType = 1;
			remoteGlobalIDString = 2D73E06F287FDA650040E54E;
			remoteInfo = qrcodefromselection;
		};
/* End PBXContainerItemProxy section */

/* Begin PBXCopyFilesBuildPhase section */
		2D23E6DD28801E6900B6D950 /* Embed XPC Services */ = {
			isa = PBXCopyFilesBuildPhase;
			buildActionMask = 2147483647;
			dstPath = "$(CONTENTS_FOLDER_PATH)/XPCServices";
			dstSubfolderSpec = 16;
			files = (
			);
			name = "Embed XPC Services";
			runOnlyForDeploymentPostprocessing = 0;
		};
		2DD112D8288064FB00916FF3 /* CopyFiles */ = {
			isa = PBXCopyFilesBuildPhase;
			buildActionMask = 2147483647;
			dstPath = "~/Library/Services";
			dstSubfolderSpec = 0;
			files = (
			);
			runOnlyForDeploymentPostprocessing = 0;
		};
/* End PBXCopyFilesBuildPhase section */

/* Begin PBXFileReference section */
		2D73E070287FDA650040E54E /* qrcodefromselection.service */ = {isa = PBXFileReference; explicitFileType = wrapper.application; includeInIndex = 0; path = qrcodefromselection.service; sourceTree = BUILT_PRODUCTS_DIR; };
		2D73E073287FDA650040E54E /* AppDelegate.swift */ = {isa = PBXFileReference; lastKnownFileType = sourcecode.swift; path = AppDelegate.swift; sourceTree = "<group>"; };
		2D73E077287FDA690040E54E /* Assets.xcassets */ = {isa = PBXFileReference; lastKnownFileType = folder.assetcatalog; path = Assets.xcassets; sourceTree = "<group>"; };
		2D73E07A287FDA690040E54E /* Base */ = {isa = PBXFileReference; lastKnownFileType = file.storyboard; name = Base; path = Base.lproj/Main.storyboard; sourceTree = "<group>"; };
		2D73E07C287FDA690040E54E /* qrcodefromselection.entitlements */ = {isa = PBXFileReference; lastKnownFileType = text.plist.entitlements; path = qrcodefromselection.entitlements; sourceTree = "<group>"; };
		2D73E081287FDA690040E54E /* qrcodefromselectionTests.xctest */ = {isa = PBXFileReference; explicitFileType = wrapper.cfbundle; includeInIndex = 0; path = qrcodefromselectionTests.xctest; sourceTree = BUILT_PRODUCTS_DIR; };
		2D73E085287FDA690040E54E /* qrcodefromselectionTests.swift */ = {isa = PBXFileReference; lastKnownFileType = sourcecode.swift; path = qrcodefromselectionTests.swift; sourceTree = "<group>"; };
		2D73E08B287FDA690040E54E /* qrcodefromselectionUITests.xctest */ = {isa = PBXFileReference; explicitFileType = wrapper.cfbundle; includeInIndex = 0; path = qrcodefromselectionUITests.xctest; sourceTree = BUILT_PRODUCTS_DIR; };
		2D73E08F287FDA690040E54E /* qrcodefromselectionUITests.swift */ = {isa = PBXFileReference; lastKnownFileType = sourcecode.swift; path = qrcodefromselectionUITests.swift; sourceTree = "<group>"; };
		2D73E091287FDA690040E54E /* qrcodefromselectionUITestsLaunchTests.swift */ = {isa = PBXFileReference; lastKnownFileType = sourcecode.swift; path = qrcodefromselectionUITestsLaunchTests.swift; sourceTree = "<group>"; };
		2D73E09E287FDACA0040E54E /* QRCodeServiceProvider.swift */ = {isa = PBXFileReference; lastKnownFileType = sourcecode.swift; path = QRCodeServiceProvider.swift; sourceTree = "<group>"; };
		2D73E0A0287FDBAC0040E54E /* Info.plist */ = {isa = PBXFileReference; lastKnownFileType = text.plist; path = Info.plist; sourceTree = "<group>"; };
		2D76CAF2287FE8DE00560A01 /* QRCodeWindowViewController.swift */ = {isa = PBXFileReference; lastKnownFileType = sourcecode.swift; path = QRCodeWindowViewController.swift; sourceTree = "<group>"; };
/* End PBXFileReference section */

/* Begin PBXFrameworksBuildPhase section */
		2D73E06D287FDA650040E54E /* Frameworks */ = {
			isa = PBXFrameworksBuildPhase;
			buildActionMask = 2147483647;
			files = (
			);
			runOnlyForDeploymentPostprocessing = 0;
		};
		2D73E07E287FDA690040E54E /* Frameworks */ = {
			isa = PBXFrameworksBuildPhase;
			buildActionMask = 2147483647;
			files = (
			);
			runOnlyForDeploymentPostprocessing = 0;
		};
		2D73E088287FDA690040E54E /* Frameworks */ = {
			isa = PBXFrameworksBuildPhase;
			buildActionMask = 2147483647;
			files = (
			);
			runOnlyForDeploymentPostprocessing = 0;
		};
/* End PBXFrameworksBuildPhase section */

/* Begin PBXGroup section */
		2D73E067287FDA650040E54E = {
			isa = PBXGroup;
			children = (
				2D73E072287FDA650040E54E /* qrcodefromselection */,
				2D73E084287FDA690040E54E /* qrcodefromselectionTests */,
				2D73E08E287FDA690040E54E /* qrcodefromselectionUITests */,
				2D73E071287FDA650040E54E /* Products */,
			);
			sourceTree = "<group>";
		};
		2D73E071287FDA650040E54E /* Products */ = {
			isa = PBXGroup;
			children = (
				2D73E070287FDA650040E54E /* qrcodefromselection.service */,
				2D73E081287FDA690040E54E /* qrcodefromselectionTests.xctest */,
				2D73E08B287FDA690040E54E /* qrcodefromselectionUITests.xctest */,
			);
			name = Products;
			sourceTree = "<group>";
		};
		2D73E072287FDA650040E54E /* qrcodefromselection */ = {
			isa = PBXGroup;
			children = (
				2D73E0A0287FDBAC0040E54E /* Info.plist */,
				2D73E073287FDA650040E54E /* AppDelegate.swift */,
				2D73E077287FDA690040E54E /* Assets.xcassets */,
				2D73E079287FDA690040E54E /* Main.storyboard */,
				2D73E07C287FDA690040E54E /* qrcodefromselection.entitlements */,
				2D73E09E287FDACA0040E54E /* QRCodeServiceProvider.swift */,
				2D76CAF2287FE8DE00560A01 /* QRCodeWindowViewController.swift */,
			);
			path = qrcodefromselection;
			sourceTree = "<group>";
		};
		2D73E084287FDA690040E54E /* qrcodefromselectionTests */ = {
			isa = PBXGroup;
			children = (
				2D73E085287FDA690040E54E /* qrcodefromselectionTests.swift */,
			);
			path = qrcodefromselectionTests;
			sourceTree = "<group>";
		};
		2D73E08E287FDA690040E54E /* qrcodefromselectionUITests */ = {
			isa = PBXGroup;
			children = (
				2D73E08F287FDA690040E54E /* qrcodefromselectionUITests.swift */,
				2D73E091287FDA690040E54E /* qrcodefromselectionUITestsLaunchTests.swift */,
			);
			path = qrcodefromselectionUITests;
			sourceTree = "<group>";
		};
/* End PBXGroup section */

/* Begin PBXNativeTarget section */
		2D73E06F287FDA650040E54E /* qrcodefromselection */ = {
			isa = PBXNativeTarget;
			buildConfigurationList = 2D73E095287FDA690040E54E /* Build configuration list for PBXNativeTarget "qrcodefromselection" */;
			buildPhases = (
				2D73E06C287FDA650040E54E /* Sources */,
				2D73E06D287FDA650040E54E /* Frameworks */,
				2D73E06E287FDA650040E54E /* Resources */,
				2D23E6DD28801E6900B6D950 /* Embed XPC Services */,
				2DD112D8288064FB00916FF3 /* CopyFiles */,
			);
			buildRules = (
			);
			dependencies = (
			);
			name = qrcodefromselection;
			productName = qrcodefromselection;
			productReference = 2D73E070287FDA650040E54E /* qrcodefromselection.service */;
			productType = "com.apple.product-type.application";
		};
		2D73E080287FDA690040E54E /* qrcodefromselectionTests */ = {
			isa = PBXNativeTarget;
			buildConfigurationList = 2D73E098287FDA690040E54E /* Build configuration list for PBXNativeTarget "qrcodefromselectionTests" */;
			buildPhases = (
				2D73E07D287FDA690040E54E /* Sources */,
				2D73E07E287FDA690040E54E /* Frameworks */,
				2D73E07F287FDA690040E54E /* Resources */,
			);
			buildRules = (
			);
			dependencies = (
				2D73E083287FDA690040E54E /* PBXTargetDependency */,
			);
			name = qrcodefromselectionTests;
			productName = qrcodefromselectionTests;
			productReference = 2D73E081287FDA690040E54E /* qrcodefromselectionTests.xctest */;
			productType = "com.apple.product-type.bundle.unit-test";
		};
		2D73E08A287FDA690040E54E /* qrcodefromselectionUITests */ = {
			isa = PBXNativeTarget;
			buildConfigurationList = 2D73E09B287FDA690040E54E /* Build configuration list for PBXNativeTarget "qrcodefromselectionUITests" */;
			buildPhases = (
				2D73E087287FDA690040E54E /* Sources */,
				2D73E088287FDA690040E54E /* Frameworks */,
				2D73E089287FDA690040E54E /* Resources */,
			);
			buildRules = (
			);
			dependencies = (
				2D73E08D287FDA690040E54E /* PBXTargetDependency */,
			);
			name = qrcodefromselectionUITests;
			productName = qrcodefromselectionUITests;
			productReference = 2D73E08B287FDA690040E54E /* qrcodefromselectionUITests.xctest */;
			productType = "com.apple.product-type.bundle.ui-testing";
		};
/* End PBXNativeTarget section */

/* Begin PBXProject section */
		2D73E068287FDA650040E54E /* Project object */ = {
			isa = PBXProject;
			attributes = {
				BuildIndependentTargetsInParallel = 1;
				LastSwiftUpdateCheck = 1320;
				LastUpgradeCheck = 1320;
				TargetAttributes = {
					2D73E06F287FDA650040E54E = {
						CreatedOnToolsVersion = 13.2.1;
					};
					2D73E080287FDA690040E54E = {
						CreatedOnToolsVersion = 13.2.1;
						TestTargetID = 2D73E06F287FDA650040E54E;
					};
					2D73E08A287FDA690040E54E = {
						CreatedOnToolsVersion = 13.2.1;
						TestTargetID = 2D73E06F287FDA650040E54E;
					};
				};
			};
			buildConfigurationList = 2D73E06B287FDA650040E54E /* Build configuration list for PBXProject "qrcodefromselection" */;
			compatibilityVersion = "Xcode 13.0";
			developmentRegion = en;
			hasScannedForEncodings = 0;
			knownRegions = (
				en,
				Base,
			);
			mainGroup = 2D73E067287FDA650040E54E;
			productRefGroup = 2D73E071287FDA650040E54E /* Products */;
			projectDirPath = "";
			projectRoot = "";
			targets = (
				2D73E06F287FDA650040E54E /* qrcodefromselection */,
				2D73E080287FDA690040E54E /* qrcodefromselectionTests */,
				2D73E08A287FDA690040E54E /* qrcodefromselectionUITests */,
			);
		};
/* End PBXProject section */

/* Begin PBXResourcesBuildPhase section */
		2D73E06E287FDA650040E54E /* Resources */ = {
			isa = PBXResourcesBuildPhase;
			buildActionMask = 2147483647;
			files = (
				2D73E078287FDA690040E54E /* Assets.xcassets in Resources */,
				2D73E07B287FDA690040E54E /* Main.storyboard in Resources */,
			);
			runOnlyForDeploymentPostprocessing = 0;
		};
		2D73E07F287FDA690040E54E /* Resources */ = {
			isa = PBXResourcesBuildPhase;
			buildActionMask = 2147483647;
			files = (
			);
			runOnlyForDeploymentPostprocessing = 0;
		};
		2D73E089287FDA690040E54E /* Resources */ = {
			isa = PBXResourcesBuildPhase;
			buildActionMask = 2147483647;
			files = (
			);
			runOnlyForDeploymentPostprocessing = 0;
		};
/* End PBXResourcesBuildPhase section */

/* Begin PBXSourcesBuildPhase section */
		2D73E06C287FDA650040E54E /* Sources */ = {
			isa = PBXSourcesBuildPhase;
			buildActionMask = 2147483647;
			files = (
				2D76CAF3287FE8DE00560A01 /* QRCodeWindowViewController.swift in Sources */,
				2D73E074287FDA650040E54E /* AppDelegate.swift in Sources */,
				2D73E09F287FDACA0040E54E /* QRCodeServiceProvider.swift in Sources */,
			);
			runOnlyForDeploymentPostprocessing = 0;
		};
		2D73E07D287FDA690040E54E /* Sources */ = {
			isa = PBXSourcesBuildPhase;
			buildActionMask = 2147483647;
			files = (
				2D73E086287FDA690040E54E /* qrcodefromselectionTests.swift in Sources */,
			);
			runOnlyForDeploymentPostprocessing = 0;
		};
		2D73E087287FDA690040E54E /* Sources */ = {
			isa = PBXSourcesBuildPhase;
			buildActionMask = 2147483647;
			files = (
				2D73E090287FDA690040E54E /* qrcodefromselectionUITests.swift in Sources */,
				2D73E092287FDA690040E54E /* qrcodefromselectionUITestsLaunchTests.swift in Sources */,
			);
			runOnlyForDeploymentPostprocessing = 0;
		};
/* End PBXSourcesBuildPhase section */

/* Begin PBXTargetDependency section */
		2D73E083287FDA690040E54E /* PBXTargetDependency */ = {
			isa = PBXTargetDependency;
			target = 2D73E06F287FDA650040E54E /* qrcodefromselection */;
			targetProxy = 2D73E082287FDA690040E54E /* PBXContainerItemProxy */;
		};
		2D73E08D287FDA690040E54E /* PBXTargetDependency */ = {
			isa = PBXTargetDependency;
			target = 2D73E06F287FDA650040E54E /* qrcodefromselection */;
			targetProxy = 2D73E08C287FDA690040E54E /* PBXContainerItemProxy */;
		};
/* End PBXTargetDependency section */

/* Begin PBXVariantGroup section */
		2D73E079287FDA690040E54E /* Main.storyboard */ = {
			isa = PBXVariantGroup;
			children = (
				2D73E07A287FDA690040E54E /* Base */,
			);
			name = Main.storyboard;
			sourceTree = "<group>";
		};
/* End PBXVariantGroup section */

/* Begin XCBuildConfiguration section */
		2D73E093287FDA690040E54E /* Debug */ = {
			isa = XCBuildConfiguration;
			buildSettings = {
				ALWAYS_SEARCH_USER_PATHS = NO;
				CLANG_ANALYZER_NONNULL = YES;
				CLANG_ANALYZER_NUMBER_OBJECT_CONVERSION = YES_AGGRESSIVE;
				CLANG_CXX_LANGUAGE_STANDARD = "gnu++17";
				CLANG_CXX_LIBRARY = "libc++";
				CLANG_ENABLE_MODULES = YES;
				CLANG_ENABLE_OBJC_ARC = YES;
				CLANG_ENABLE_OBJC_WEAK = YES;
				CLANG_WARN_BLOCK_CAPTURE_AUTORELEASING = YES;
				CLANG_WARN_BOOL_CONVERSION = YES;
				CLANG_WARN_COMMA = YES;
				CLANG_WARN_CONSTANT_CONVERSION = YES;
				CLANG_WARN_DEPRECATED_OBJC_IMPLEMENTATIONS = YES;
				CLANG_WARN_DIRECT_OBJC_ISA_USAGE = YES_ERROR;
				CLANG_WARN_DOCUMENTATION_COMMENTS = YES;
				CLANG_WARN_EMPTY_BODY = YES;
				CLANG_WARN_ENUM_CONVERSION = YES;
				CLANG_WARN_INFINITE_RECURSION = YES;
				CLANG_WARN_INT_CONVERSION = YES;
				CLANG_WARN_NON_LITERAL_NULL_CONVERSION = YES;
				CLANG_WARN_OBJC_IMPLICIT_RETAIN_SELF = YES;
				CLANG_WARN_OBJC_LITERAL_CONVERSION = YES;
				CLANG_WARN_OBJC_ROOT_CLASS = YES_ERROR;
				CLANG_WARN_QUOTED_INCLUDE_IN_FRAMEWORK_HEADER = YES;
				CLANG_WARN_RANGE_LOOP_ANALYSIS = YES;
				CLANG_WARN_STRICT_PROTOTYPES = YES;
				CLANG_WARN_SUSPICIOUS_MOVE = YES;
				CLANG_WARN_UNGUARDED_AVAILABILITY = YES_AGGRESSIVE;
				CLANG_WARN_UNREACHABLE_CODE = YES;
				CLANG_WARN__DUPLICATE_METHOD_MATCH = YES;
				COPY_PHASE_STRIP = NO;
				DEBUG_INFORMATION_FORMAT = dwarf;
				ENABLE_STRICT_OBJC_MSGSEND = YES;
				ENABLE_TESTABILITY = YES;
				EXECUTABLE_EXTENSION = "";
				GCC_C_LANGUAGE_STANDARD = gnu11;
				GCC_DYNAMIC_NO_PIC = NO;
				GCC_NO_COMMON_BLOCKS = YES;
				GCC_OPTIMIZATION_LEVEL = 0;
				GCC_PREPROCESSOR_DEFINITIONS = (
					"DEBUG=1",
					"$(inherited)",
				);
				GCC_WARN_64_TO_32_BIT_CONVERSION = YES;
				GCC_WARN_ABOUT_RETURN_TYPE = YES_ERROR;
				GCC_WARN_UNDECLARED_SELECTOR = YES;
				GCC_WARN_UNINITIALIZED_AUTOS = YES_AGGRESSIVE;
				GCC_WARN_UNUSED_FUNCTION = YES;
				GCC_WARN_UNUSED_VARIABLE = YES;
				INFOPLIST_KEY_NSPrincipalClass = "";
				MACOSX_DEPLOYMENT_TARGET = 11.6;
				MTL_ENABLE_DEBUG_INFO = INCLUDE_SOURCE;
				MTL_FAST_MATH = YES;
				ONLY_ACTIVE_ARCH = YES;
				SDKROOT = macosx;
				SWIFT_ACTIVE_COMPILATION_CONDITIONS = DEBUG;
				SWIFT_OPTIMIZATION_LEVEL = "-Onone";
			};
			name = Debug;
		};
		2D73E094287FDA690040E54E /* Release */ = {
			isa = XCBuildConfiguration;
			buildSettings = {
				ALWAYS_SEARCH_USER_PATHS = NO;
				CLANG_ANALYZER_NONNULL = YES;
				CLANG_ANALYZER_NUMBER_OBJECT_CONVERSION = YES_AGGRESSIVE;
				CLANG_CXX_LANGUAGE_STANDARD = "gnu++17";
				CLANG_CXX_LIBRARY = "libc++";
				CLANG_ENABLE_MODULES = YES;
				CLANG_ENABLE_OBJC_ARC = YES;
				CLANG_ENABLE_OBJC_WEAK = YES;
				CLANG_WARN_BLOCK_CAPTURE_AUTORELEASING = YES;
				CLANG_WARN_BOOL_CONVERSION = YES;
				CLANG_WARN_COMMA = YES;
				CLANG_WARN_CONSTANT_CONVERSION = YES;
				CLANG_WARN_DEPRECATED_OBJC_IMPLEMENTATIONS = YES;
				CLANG_WARN_DIRECT_OBJC_ISA_USAGE = YES_ERROR;
				CLANG_WARN_DOCUMENTATION_COMMENTS = YES;
				CLANG_WARN_EMPTY_BODY = YES;
				CLANG_WARN_ENUM_CONVERSION = YES;
				CLANG_WARN_INFINITE_RECURSION = YES;
				CLANG_WARN_INT_CONVERSION = YES;
				CLANG_WARN_NON_LITERAL_NULL_CONVERSION = YES;
				CLANG_WARN_OBJC_IMPLICIT_RETAIN_SELF = YES;
				CLANG_WARN_OBJC_LITERAL_CONVERSION = YES;
				CLANG_WARN_OBJC_ROOT_CLASS = YES_ERROR;
				CLANG_WARN_QUOTED_INCLUDE_IN_FRAMEWORK_HEADER = YES;
				CLANG_WARN_RANGE_LOOP_ANALYSIS = YES;
				CLANG_WARN_STRICT_PROTOTYPES = YES;
				CLANG_WARN_SUSPICIOUS_MOVE = YES;
				CLANG_WARN_UNGUARDED_AVAILABILITY = YES_AGGRESSIVE;
				CLANG_WARN_UNREACHABLE_CODE = YES;
				CLANG_WARN__DUPLICATE_METHOD_MATCH = YES;
				COPY_PHASE_STRIP = NO;
				DEBUG_INFORMATION_FORMAT = "dwarf-with-dsym";
				ENABLE_NS_ASSERTIONS = NO;
				ENABLE_STRICT_OBJC_MSGSEND = YES;
				EXECUTABLE_EXTENSION = "";
				GCC_C_LANGUAGE_STANDARD = gnu11;
				GCC_NO_COMMON_BLOCKS = YES;
				GCC_WARN_64_TO_32_BIT_CONVERSION = YES;
				GCC_WARN_ABOUT_RETURN_TYPE = YES_ERROR;
				GCC_WARN_UNDECLARED_SELECTOR = YES;
				GCC_WARN_UNINITIALIZED_AUTOS = YES_AGGRESSIVE;
				GCC_WARN_UNUSED_FUNCTION = YES;
				GCC_WARN_UNUSED_VARIABLE = YES;
				INFOPLIST_KEY_NSPrincipalClass = "";
				MACOSX_DEPLOYMENT_TARGET = 11.6;
				MTL_ENABLE_DEBUG_INFO = NO;
				MTL_FAST_MATH = YES;
				SDKROOT = macosx;
				SWIFT_COMPILATION_MODE = wholemodule;
				SWIFT_OPTIMIZATION_LEVEL = "-O";
			};
			name = Release;
		};
		2D73E096287FDA690040E54E /* Debug */ = {
			isa = XCBuildConfiguration;
			buildSettings = {
				ASSETCATALOG_COMPILER_APPICON_NAME = AppIcon;
				ASSETCATALOG_COMPILER_GLOBAL_ACCENT_COLOR_NAME = AccentColor;
				CODE_SIGN_ENTITLEMENTS = qrcodefromselection/qrcodefromselection.entitlements;
				CODE_SIGN_STYLE = Automatic;
				COMBINE_HIDPI_IMAGES = YES;
				CURRENT_PROJECT_VERSION = 1;
				DEVELOPMENT_TEAM = FS7X9R3KL4;
				ENABLE_HARDENED_RUNTIME = YES;
				EXECUTABLE_EXTENSION = service;
				GENERATE_INFOPLIST_FILE = YES;
				INFOPLIST_FILE = qrcodefromselection/Info.plist;
				INFOPLIST_KEY_LSApplicationCategoryType = "public.app-category.utilities";
				INFOPLIST_KEY_NSHumanReadableCopyright = "";
				INFOPLIST_KEY_NSMainStoryboardFile = Main;
				INFOPLIST_KEY_NSPrincipalClass = NSApplication;
				INSTALL_PATH = "~/Library/Services";
				LD_RUNPATH_SEARCH_PATHS = (
					"$(inherited)",
					"@executable_path/../Frameworks",
				);
				MARKETING_VERSION = 1.0;
				PRODUCT_BUNDLE_IDENTIFIER = services.ozzy.qrcodefromselection;
				PRODUCT_NAME = "$(TARGET_NAME)";
				SWIFT_EMIT_LOC_STRINGS = YES;
				SWIFT_VERSION = 5.0;
				WRAPPER_EXTENSION = service;
			};
			name = Debug;
		};
		2D73E097287FDA690040E54E /* Release */ = {
			isa = XCBuildConfiguration;
			buildSettings = {
				ASSETCATALOG_COMPILER_APPICON_NAME = AppIcon;
				ASSETCATALOG_COMPILER_GLOBAL_ACCENT_COLOR_NAME = AccentColor;
				CODE_SIGN_ENTITLEMENTS = qrcodefromselection/qrcodefromselection.entitlements;
				CODE_SIGN_STYLE = Automatic;
				COMBINE_HIDPI_IMAGES = YES;
				CURRENT_PROJECT_VERSION = 1;
				DEVELOPMENT_TEAM = FS7X9R3KL4;
				ENABLE_HARDENED_RUNTIME = YES;
				EXECUTABLE_EXTENSION = service;
				GENERATE_INFOPLIST_FILE = YES;
				INFOPLIST_FILE = qrcodefromselection/Info.plist;
				INFOPLIST_KEY_LSApplicationCategoryType = "public.app-category.utilities";
				INFOPLIST_KEY_NSHumanReadableCopyright = "";
				INFOPLIST_KEY_NSMainStoryboardFile = Main;
				INFOPLIST_KEY_NSPrincipalClass = NSApplication;
				INSTALL_PATH = /Library/Services;
				LD_RUNPATH_SEARCH_PATHS = (
					"$(inherited)",
					"@executable_path/../Frameworks",
				);
				MARKETING_VERSION = 1.0;
				PRODUCT_BUNDLE_IDENTIFIER = services.ozzy.qrcodefromselection;
				PRODUCT_NAME = "$(TARGET_NAME)";
				SWIFT_EMIT_LOC_STRINGS = YES;
				SWIFT_VERSION = 5.0;
				WRAPPER_EXTENSION = service;
			};
			name = Release;
		};
		2D73E099287FDA690040E54E /* Debug */ = {
			isa = XCBuildConfiguration;
			buildSettings = {
				ALWAYS_EMBED_SWIFT_STANDARD_LIBRARIES = YES;
				BUNDLE_LOADER = "$(TEST_HOST)";
				CODE_SIGN_STYLE = Automatic;
				CURRENT_PROJECT_VERSION = 1;
				DEVELOPMENT_TEAM = FS7X9R3KL4;
				GENERATE_INFOPLIST_FILE = YES;
				MACOSX_DEPLOYMENT_TARGET = 11.6;
				MARKETING_VERSION = 1.0;
				PRODUCT_BUNDLE_IDENTIFIER = services.ozzy.qrcodefromselectionTests;
				PRODUCT_NAME = "$(TARGET_NAME)";
				SWIFT_EMIT_LOC_STRINGS = NO;
				SWIFT_VERSION = 5.0;
				TEST_HOST = "$(BUILT_PRODUCTS_DIR)/qrcodefromselection.app/Contents/MacOS/qrcodefromselection";
			};
			name = Debug;
		};
		2D73E09A287FDA690040E54E /* Release */ = {
			isa = XCBuildConfiguration;
			buildSettings = {
				ALWAYS_EMBED_SWIFT_STANDARD_LIBRARIES = YES;
				BUNDLE_LOADER = "$(TEST_HOST)";
				CODE_SIGN_STYLE = Automatic;
				CURRENT_PROJECT_VERSION = 1;
				DEVELOPMENT_TEAM = FS7X9R3KL4;
				GENERATE_INFOPLIST_FILE = YES;
				MACOSX_DEPLOYMENT_TARGET = 11.6;
				MARKETING_VERSION = 1.0;
				PRODUCT_BUNDLE_IDENTIFIER = services.ozzy.qrcodefromselectionTests;
				PRODUCT_NAME = "$(TARGET_NAME)";
				SWIFT_EMIT_LOC_STRINGS = NO;
				SWIFT_VERSION = 5.0;
				TEST_HOST = "$(BUILT_PRODUCTS_DIR)/qrcodefromselection.app/Contents/MacOS/qrcodefromselection";
			};
			name = Release;
		};
		2D73E09C287FDA690040E54E /* Debug */ = {
			isa = XCBuildConfiguration;
			buildSettings = {
				ALWAYS_EMBED_SWIFT_STANDARD_LIBRARIES = YES;
				CODE_SIGN_STYLE = Automatic;
				CURRENT_PROJECT_VERSION = 1;
				DEVELOPMENT_TEAM = FS7X9R3KL4;
				GENERATE_INFOPLIST_FILE = YES;
				MARKETING_VERSION = 1.0;
				PRODUCT_BUNDLE_IDENTIFIER = services.ozzy.qrcodefromselectionUITests;
				PRODUCT_NAME = "$(TARGET_NAME)";
				SWIFT_EMIT_LOC_STRINGS = NO;
				SWIFT_VERSION = 5.0;
				TEST_TARGET_NAME = qrcodefromselection;
			};
			name = Debug;
		};
		2D73E09D287FDA690040E54E /* Release */ = {
			isa = XCBuildConfiguration;
			buildSettings = {
				ALWAYS_EMBED_SWIFT_STANDARD_LIBRARIES = YES;
				CODE_SIGN_STYLE = Automatic;
				CURRENT_PROJECT_VERSION = 1;
				DEVELOPMENT_TEAM = FS7X9R3KL4;
				GENERATE_INFOPLIST_FILE = YES;
				MARKETING_VERSION = 1.0;
				PRODUCT_BUNDLE_IDENTIFIER = services.ozzy.qrcodefromselectionUITests;
				PRODUCT_NAME = "$(TARGET_NAME)";
				SWIFT_EMIT_LOC_STRINGS = NO;
				SWIFT_VERSION = 5.0;
				TEST_TARGET_NAME = qrcodefromselection;
			};
			name = Release;
		};
/* End XCBuildConfiguration section */

/* Begin XCConfigurationList section */
		2D73E06B287FDA650040E54E /* Build configuration list for PBXProject "qrcodefromselection" */ = {
			isa = XCConfigurationList;
			buildConfigurations = (
				2D73E093287FDA690040E54E /* Debug */,
				2D73E094287FDA690040E54E /* Release */,
			);
			defaultConfigurationIsVisible = 0;
			defaultConfigurationName = Release;
		};
		2D73E095287FDA690040E54E /* Build configuration list for PBXNativeTarget "qrcodefromselection" */ = {
			isa = XCConfigurationList;
			buildConfigurations = (
				2D73E096287FDA690040E54E /* Debug */,
				2D73E097287FDA690040E54E /* Release */,
			);
			defaultConfigurationIsVisible = 0;
			defaultConfigurationName = Release;
		};
		2D73E098287FDA690040E54E /* Build configuration list for PBXNativeTarget "qrcodefromselectionTests" */ = {
			isa = XCConfigurationList;
			buildConfigurations = (
				2D73E099287FDA690040E54E /* Debug */,
				2D73E09A287FDA690040E54E /* Release */,
			);
			defaultConfigurationIsVisible = 0;
			defaultConfigurationName = Release;
		};
		2D73E09B287FDA690040E54E /* Build configuration list for PBXNativeTarget "qrcodefromselectionUITests" */ = {
			isa = XCConfigurationList;
			buildConfigurations = (
				2D73E09C287FDA690040E54E /* Debug */,
				2D73E09D287FDA690040E54E /* Release */,
			);
			defaultConfigurationIsVisible = 0;
			defaultConfigurationName = Release;
		};
/* End XCConfigurationList section */
	};
	rootObject = 2D73E068287FDA650040E54E /* Project object */;
}
